
Microsoft Visual Studio Solution File, Format Version 12.00
# Visual Studio Version 17
VisualStudioVersion = 17.9.34728.123
MinimumVisualStudioVersion = 10.0.40219.1
Project("{9A19103F-16F7-4668-BE54-9A1E7A4F7556}") = "Server", "Server\Server.csproj", "{52692C5E-B305-4D86-8064-25241AFEB5D1}"
EndProject
Project("{9A19103F-16F7-4668-BE54-9A1E7A4F7556}") = "Client", "Client\Client.csproj", "{E49C5963-61D0-4371-8291-C48F3E81D368}"
EndProject
Project("{9A19103F-16F7-4668-BE54-9A1E7A4F7556}") = "BaseLibrary", "BaseLibrary\BaseLibrary.csproj", "{3EEE8373-F419-4029-B00A-0C2206AB8F4C}"
EndProject
Project("{9A19103F-16F7-4668-BE54-9A1E7A4F7556}") = "ClientLibrary", "ClientLibrary\ClientLibrary.csproj", "{1D6BC200-C302-4D53-B496-8292AB8A37CE}"
EndProject
Project("{9A19103F-16F7-4668-BE54-9A1E7A4F7556}") = "ServerLibrary", "ServerLibrary\ServerLibrary.csproj", "{1C8FE27C-3B15-4647-B8BE-99A6A71F110F}"
EndProject
Global
	GlobalSection(SolutionConfigurationPlatforms) = preSolution
		Debug|Any CPU = Debug|Any CPU
		Release|Any CPU = Release|Any CPU
	EndGlobalSection
	GlobalSection(ProjectConfigurationPlatforms) = postSolution
		{52692C5E-B305-4D86-8064-25241AFEB5D1}.Debug|Any CPU.ActiveCfg = Debug|Any CPU
		{52692C5E-B305-4D86-8064-25241AFEB5D1}.Debug|Any CPU.Build.0 = Debug|Any CPU
		{52692C5E-B305-4D86-8064-25241AFEB5D1}.Release|Any CPU.ActiveCfg = Release|Any CPU
		{52692C5E-B305-4D86-8064-25241AFEB5D1}.Release|Any CPU.Build.0 = Release|Any CPU
		{E49C5963-61D0-4371-8291-C48F3E81D368}.Debug|Any CPU.ActiveCfg = Debug|Any CPU
		{E49C5963-61D0-4371-8291-C48F3E81D368}.Debug|Any CPU.Build.0 = Debug|Any CPU
		{E49C5963-61D0-4371-8291-C48F3E81D368}.Release|Any CPU.ActiveCfg = Release|Any CPU
		{E49C5963-61D0-4371-8291-C48F3E81D368}.Release|Any CPU.Build.0 = Release|Any CPU
		{3EEE8373-F419-4029-B00A-0C2206AB8F4C}.Debug|Any CPU.ActiveCfg = Debug|Any CPU
		{3EEE8373-F419-4029-B00A-0C2206AB8F4C}.Debug|Any CPU.Build.0 = Debug|Any CPU
		{3EEE8373-F419-4029-B00A-0C2206AB8F4C}.Release|Any CPU.ActiveCfg = Release|Any CPU
		{3EEE8373-F419-4029-B00A-0C2206AB8F4C}.Release|Any CPU.Build.0 = Release|Any CPU
		{1D6BC200-C302-4D53-B496-8292AB8A37CE}.Debug|Any CPU.ActiveCfg = Debug|Any CPU
		{1D6BC200-C302-4D53-B496-8292AB8A37CE}.Debug|Any CPU.Build.0 = Debug|Any CPU
		{1D6BC200-C302-4D53-B496-8292AB8A37CE}.Release|Any CPU.ActiveCfg = Release|Any CPU
		{1D6BC200-C302-4D53-B496-8292AB8A37CE}.Release|Any CPU.Build.0 = Release|Any CPU
		{1C8FE27C-3B15-4647-B8BE-99A6A71F110F}.Debug|Any CPU.ActiveCfg = Debug|Any CPU
		{1C8FE27C-3B15-4647-B8BE-99A6A71F110F}.Debug|Any CPU.Build.0 = Debug|Any CPU
		{1C8FE27C-3B15-4647-B8BE-99A6A71F110F}.Release|Any CPU.ActiveCfg = Release|Any CPU
		{1C8FE27C-3B15-4647-B8BE-99A6A71F110F}.Release|Any CPU.Build.0 = Release|Any CPU
	EndGlobalSection
	GlobalSection(SolutionProperties) = preSolution
		HideSolutionNode = FALSE
	EndGlobalSection
	GlobalSection(ExtensibilityGlobals) = postSolution
		SolutionGuid = {E3B88BCD-8F18-44B3-81DC-ED3BEC97A56C}
	EndGlobalSection
EndGlobal
